{
  "name": "@sonicjhon1/sonicj-wa-gawr-bot",
  "version": "0.1.0",
  "lockfileVersion": 3,
  "requires": true,
  "packages": {
    "": {
      "name": "@sonicjhon1/sonicj-wa-gawr-bot",
      "version": "0.1.0",
      "dependencies": {
        "astro": "^2.0.11",
        "astro-compress": "^1.1.32"
      }
    }
  }
}
